{
  "name": "typescript-plugin-import-map",
  "version": "1.0.0",
  "lockfileVersion": 1,
  "requires": true,
  "dependencies": {
    "@import-maps/resolve": {
      "version": "0.2.1",
      "resolved": "https://registry.npm.taobao.org/@import-maps/resolve/download/@import-maps/resolve-0.2.1.tgz",
      "integrity": "sha1-NWVMLr8eebHMRgDaSGhWYrQ/QnM="
    },
    "@types/node": {
      "version": "13.1.6",
      "resolved": "https://registry.npm.taobao.org/@types/node/download/@types/node-13.1.6.tgz",
      "integrity": "sha1-B2Ao0LBAC+gQW4mgpVVQyGaE/+w=",
      "dev": true
    },
    "file-uri-to-path": {
      "version": "2.0.0",
      "resolved": "https://registry.npm.taobao.org/file-uri-to-path/download/file-uri-to-path-2.0.0.tgz?cache=0&other_urls=https%3A%2F%2Fregistry.npm.taobao.org%2Ffile-uri-to-path%2Fdownload%2Ffile-uri-to-path-2.0.0.tgz",
      "integrity": "sha1-e0Fa66In1XWFHgpbDGQNdlZAP7o="
    },
    "file-url": {
      "version": "3.0.0",
      "resolved": "https://registry.npm.taobao.org/file-url/download/file-url-3.0.0.tgz",
      "integrity": "sha1-JHpYanRs6feo7QVWApCWivwmKnc="
    },
    "typescript": {
      "version": "3.7.4",
      "resolved": "https://registry.npm.taobao.org/typescript/download/typescript-3.7.4.tgz",
      "integrity": "sha1-F0Ol7F/vah+p8+RwjjPIHHOHbBk=",
      "dev": true
    }
  }
}
